
Microsoft Visual Studio Solution File, Format Version 12.00
# Visual Studio Version 17
VisualStudioVersion = 17.10.34916.146
MinimumVisualStudioVersion = 10.0.40219.1
Project("{FAE04EC0-301F-11D3-BF4B-00C04F79EFBC}") = "weatherApp.Server", "AngularWithASP.Server\weatherApp.Server.csproj", "{382FC4E6-03C1-45BE-A78F-F2ABAF5E859D}"
EndProject
Project("{54A90642-561A-4BB1-A94E-469ADEE60C69}") = "weatherApp.client", "angularwithasp.client\weatherApp.client.esproj", "{81E8F399-CE24-4AB6-895B-8FACD7799F2E}"
EndProject
Global
	GlobalSection(SolutionConfigurationPlatforms) = preSolution
		Debug|Any CPU = Debug|Any CPU
		Release|Any CPU = Release|Any CPU
	EndGlobalSection
	GlobalSection(ProjectConfigurationPlatforms) = postSolution
		{382FC4E6-03C1-45BE-A78F-F2ABAF5E859D}.Debug|Any CPU.ActiveCfg = Debug|Any CPU
		{382FC4E6-03C1-45BE-A78F-F2ABAF5E859D}.Debug|Any CPU.Build.0 = Debug|Any CPU
		{382FC4E6-03C1-45BE-A78F-F2ABAF5E859D}.Release|Any CPU.ActiveCfg = Release|Any CPU
		{382FC4E6-03C1-45BE-A78F-F2ABAF5E859D}.Release|Any CPU.Build.0 = Release|Any CPU
		{81E8F399-CE24-4AB6-895B-8FACD7799F2E}.Debug|Any CPU.ActiveCfg = Debug|Any CPU
		{81E8F399-CE24-4AB6-895B-8FACD7799F2E}.Debug|Any CPU.Build.0 = Debug|Any CPU
		{81E8F399-CE24-4AB6-895B-8FACD7799F2E}.Debug|Any CPU.Deploy.0 = Debug|Any CPU
		{81E8F399-CE24-4AB6-895B-8FACD7799F2E}.Release|Any CPU.ActiveCfg = Release|Any CPU
		{81E8F399-CE24-4AB6-895B-8FACD7799F2E}.Release|Any CPU.Build.0 = Release|Any CPU
		{81E8F399-CE24-4AB6-895B-8FACD7799F2E}.Release|Any CPU.Deploy.0 = Release|Any CPU
	EndGlobalSection
	GlobalSection(SolutionProperties) = preSolution
		HideSolutionNode = FALSE
	EndGlobalSection
	GlobalSection(ExtensibilityGlobals) = postSolution
		SolutionGuid = {557F0D55-2B7E-4989-92DE-E2ED4008A8C8}
	EndGlobalSection
EndGlobal
